
Microsoft Visual Studio Solution File, Format Version 12.00
# Visual Studio 15
VisualStudioVersion = 15.0.26403.3
MinimumVisualStudioVersion = 10.0.40219.1
Project("{FAE04EC0-301F-11D3-BF4B-00C04F79EFBC}") = "HongDouWeb", "HongDouWeb\HongDouWeb.csproj", "{8FB21BAF-6C3D-47EE-8EF3-79C5E9838AA2}"
EndProject
Project("{FAE04EC0-301F-11D3-BF4B-00C04F79EFBC}") = "HongDouWeb.测试", "HongDouWeb.测试\HongDouWeb.测试.csproj", "{FB1E172C-4850-443C-88C5-F803CBF0F5BC}"
EndProject
Project("{FAE04EC0-301F-11D3-BF4B-00C04F79EFBC}") = "HongDou.Infrastructure.Data.Test", "HongDou.Infrastructure.Data.Test\HongDou.Infrastructure.Data.Test.csproj", "{AF73921A-2E9E-4A9E-A521-100B159FFA35}"
EndProject
Project("{FAE04EC0-301F-11D3-BF4B-00C04F79EFBC}") = "HongDou.Infrasturcture.Data", "HongDou.Infrasturcture.Data\HongDou.Infrasturcture.Data.csproj", "{982BC9A3-6537-4002-8F8E-2B0A66EA55C4}"
EndProject
Project("{2150E333-8FDC-42A3-9474-1A3956D46DE8}") = "Test", "Test", "{8A6FE4CE-0518-4D7B-A708-023ACE3FFF66}"
EndProject
Global
	GlobalSection(SolutionConfigurationPlatforms) = preSolution
		Debug|Any CPU = Debug|Any CPU
		Release|Any CPU = Release|Any CPU
	EndGlobalSection
	GlobalSection(ProjectConfigurationPlatforms) = postSolution
		{8FB21BAF-6C3D-47EE-8EF3-79C5E9838AA2}.Debug|Any CPU.ActiveCfg = Debug|Any CPU
		{8FB21BAF-6C3D-47EE-8EF3-79C5E9838AA2}.Debug|Any CPU.Build.0 = Debug|Any CPU
		{8FB21BAF-6C3D-47EE-8EF3-79C5E9838AA2}.Release|Any CPU.ActiveCfg = Release|Any CPU
		{8FB21BAF-6C3D-47EE-8EF3-79C5E9838AA2}.Release|Any CPU.Build.0 = Release|Any CPU
		{FB1E172C-4850-443C-88C5-F803CBF0F5BC}.Debug|Any CPU.ActiveCfg = Debug|Any CPU
		{FB1E172C-4850-443C-88C5-F803CBF0F5BC}.Debug|Any CPU.Build.0 = Debug|Any CPU
		{FB1E172C-4850-443C-88C5-F803CBF0F5BC}.Release|Any CPU.ActiveCfg = Release|Any CPU
		{FB1E172C-4850-443C-88C5-F803CBF0F5BC}.Release|Any CPU.Build.0 = Release|Any CPU
		{AF73921A-2E9E-4A9E-A521-100B159FFA35}.Debug|Any CPU.ActiveCfg = Debug|Any CPU
		{AF73921A-2E9E-4A9E-A521-100B159FFA35}.Debug|Any CPU.Build.0 = Debug|Any CPU
		{AF73921A-2E9E-4A9E-A521-100B159FFA35}.Release|Any CPU.ActiveCfg = Release|Any CPU
		{AF73921A-2E9E-4A9E-A521-100B159FFA35}.Release|Any CPU.Build.0 = Release|Any CPU
		{982BC9A3-6537-4002-8F8E-2B0A66EA55C4}.Debug|Any CPU.ActiveCfg = Debug|Any CPU
		{982BC9A3-6537-4002-8F8E-2B0A66EA55C4}.Debug|Any CPU.Build.0 = Debug|Any CPU
		{982BC9A3-6537-4002-8F8E-2B0A66EA55C4}.Release|Any CPU.ActiveCfg = Release|Any CPU
		{982BC9A3-6537-4002-8F8E-2B0A66EA55C4}.Release|Any CPU.Build.0 = Release|Any CPU
	EndGlobalSection
	GlobalSection(SolutionProperties) = preSolution
		HideSolutionNode = FALSE
	EndGlobalSection
	GlobalSection(NestedProjects) = preSolution
		{FB1E172C-4850-443C-88C5-F803CBF0F5BC} = {8A6FE4CE-0518-4D7B-A708-023ACE3FFF66}
		{AF73921A-2E9E-4A9E-A521-100B159FFA35} = {8A6FE4CE-0518-4D7B-A708-023ACE3FFF66}
	EndGlobalSection
EndGlobal
